// !$*UTF8*$!
{
	archiveVersion = 1;
	classes = {
	};
	objectVersion = 55;
	objects = {

/* Begin PBXBuildFile section */
		B81E1F9B28922EFD0099A325 /* AppDelegate.m in Sources */ = {isa = PBXBuildFile; fileRef = B81E1F9A28922EFD0099A325 /* AppDelegate.m */; };
		B81E1F9E28922EFD0099A325 /* SceneDelegate.m in Sources */ = {isa = PBXBuildFile; fileRef = B81E1F9D28922EFD0099A325 /* SceneDelegate.m */; };
		B81E1FA128922EFD0099A325 /* ViewController.m in Sources */ = {isa = PBXBuildFile; fileRef = B81E1FA028922EFD0099A325 /* ViewController.m */; };
		B81E1FA428922EFD0099A325 /* Main.storyboard in Resources */ = {isa = PBXBuildFile; fileRef = B81E1FA228922EFD0099A325 /* Main.storyboard */; };
		B81E1FA628922EFF0099A325 /* Assets.xcassets in Resources */ = {isa = PBXBuildFile; fileRef = B81E1FA528922EFF0099A325 /* Assets.xcassets */; };
		B81E1FA928922EFF0099A325 /* LaunchScreen.storyboard in Resources */ = {isa = PBXBuildFile; fileRef = B81E1FA728922EFF0099A325 /* LaunchScreen.storyboard */; };
		B81E1FAC28922EFF0099A325 /* main.m in Sources */ = {isa = PBXBuildFile; fileRef = B81E1FAB28922EFF0099A325 /* main.m */; };
		B81E1FB528922F930099A325 /* HZFrozenObserverManager.m in Sources */ = {isa = PBXBuildFile; fileRef = B81E1FB428922F930099A325 /* HZFrozenObserverManager.m */; };
/* End PBXBuildFile section */

/* Begin PBXFileReference section */
		B81E1F9628922EFD0099A325 /* Runloop卡顿监听实践.app */ = {isa = PBXFileReference; explicitFileType = wrapper.application; includeInIndex = 0; path = "Runloop卡顿监听实践.app"; sourceTree = BUILT_PRODUCTS_DIR; };
		B81E1F9928922EFD0099A325 /* AppDelegate.h */ = {isa = PBXFileReference; lastKnownFileType = sourcecode.c.h; path = AppDelegate.h; sourceTree = "<group>"; };
		B81E1F9A28922EFD0099A325 /* AppDelegate.m */ = {isa = PBXFileReference; lastKnownFileType = sourcecode.c.objc; path = AppDelegate.m; sourceTree = "<group>"; };
		B81E1F9C28922EFD0099A325 /* SceneDelegate.h */ = {isa = PBXFileReference; lastKnownFileType = sourcecode.c.h; path = SceneDelegate.h; sourceTree = "<group>"; };
		B81E1F9D28922EFD0099A325 /* SceneDelegate.m */ = {isa = PBXFileReference; lastKnownFileType = sourcecode.c.objc; path = SceneDelegate.m; sourceTree = "<group>"; };
		B81E1F9F28922EFD0099A325 /* ViewController.h */ = {isa = PBXFileReference; lastKnownFileType = sourcecode.c.h; path = ViewController.h; sourceTree = "<group>"; };
		B81E1FA028922EFD0099A325 /* ViewController.m */ = {isa = PBXFileReference; lastKnownFileType = sourcecode.c.objc; path = ViewController.m; sourceTree = "<group>"; };
		B81E1FA328922EFD0099A325 /* Base */ = {isa = PBXFileReference; lastKnownFileType = file.storyboard; name = Base; path = Base.lproj/Main.storyboard; sourceTree = "<group>"; };
		B81E1FA528922EFF0099A325 /* Assets.xcassets */ = {isa = PBXFileReference; lastKnownFileType = folder.assetcatalog; path = Assets.xcassets; sourceTree = "<group>"; };
		B81E1FA828922EFF0099A325 /* Base */ = {isa = PBXFileReference; lastKnownFileType = file.storyboard; name = Base; path = Base.lproj/LaunchScreen.storyboard; sourceTree = "<group>"; };
		B81E1FAA28922EFF0099A325 /* Info.plist */ = {isa = PBXFileReference; lastKnownFileType = text.plist.xml; path = Info.plist; sourceTree = "<group>"; };
		B81E1FAB28922EFF0099A325 /* main.m */ = {isa = PBXFileReference; lastKnownFileType = sourcecode.c.objc; path = main.m; sourceTree = "<group>"; };
		B81E1FB328922F930099A325 /* HZFrozenObserverManager.h */ = {isa = PBXFileReference; lastKnownFileType = sourcecode.c.h; path = HZFrozenObserverManager.h; sourceTree = "<group>"; };
		B81E1FB428922F930099A325 /* HZFrozenObserverManager.m */ = {isa = PBXFileReference; lastKnownFileType = sourcecode.c.objc; path = HZFrozenObserverManager.m; sourceTree = "<group>"; };
/* End PBXFileReference section */

/* Begin PBXFrameworksBuildPhase section */
		B81E1F9328922EFD0099A325 /* Frameworks */ = {
			isa = PBXFrameworksBuildPhase;
			buildActionMask = 2147483647;
			files = (
			);
			runOnlyForDeploymentPostprocessing = 0;
		};
/* End PBXFrameworksBuildPhase section */

/* Begin PBXGroup section */
		B81E1F8D28922EFD0099A325 = {
			isa = PBXGroup;
			children = (
				B81E1F9828922EFD0099A325 /* Runloop卡顿监听实践 */,
				B81E1F9728922EFD0099A325 /* Products */,
			);
			sourceTree = "<group>";
		};
		B81E1F9728922EFD0099A325 /* Products */ = {
			isa = PBXGroup;
			children = (
				B81E1F9628922EFD0099A325 /* Runloop卡顿监听实践.app */,
			);
			name = Products;
			sourceTree = "<group>";
		};
		B81E1F9828922EFD0099A325 /* Runloop卡顿监听实践 */ = {
			isa = PBXGroup;
			children = (
				B81E1FB228922F090099A325 /* RunloopObserverManager */,
				B81E1F9928922EFD0099A325 /* AppDelegate.h */,
				B81E1F9A28922EFD0099A325 /* AppDelegate.m */,
				B81E1F9C28922EFD0099A325 /* SceneDelegate.h */,
				B81E1F9D28922EFD0099A325 /* SceneDelegate.m */,
				B81E1F9F28922EFD0099A325 /* ViewController.h */,
				B81E1FA028922EFD0099A325 /* ViewController.m */,
				B81E1FA228922EFD0099A325 /* Main.storyboard */,
				B81E1FA528922EFF0099A325 /* Assets.xcassets */,
				B81E1FA728922EFF0099A325 /* LaunchScreen.storyboard */,
				B81E1FAA28922EFF0099A325 /* Info.plist */,
				B81E1FAB28922EFF0099A325 /* main.m */,
			);
			path = "Runloop卡顿监听实践";
			sourceTree = "<group>";
		};
		B81E1FB228922F090099A325 /* RunloopObserverManager */ = {
			isa = PBXGroup;
			children = (
				B81E1FB328922F930099A325 /* HZFrozenObserverManager.h */,
				B81E1FB428922F930099A325 /* HZFrozenObserverManager.m */,
			);
			path = RunloopObserverManager;
			sourceTree = "<group>";
		};
/* End PBXGroup section */

/* Begin PBXNativeTarget section */
		B81E1F9528922EFD0099A325 /* Runloop卡顿监听实践 */ = {
			isa = PBXNativeTarget;
			buildConfigurationList = B81E1FAF28922EFF0099A325 /* Build configuration list for PBXNativeTarget "Runloop卡顿监听实践" */;
			buildPhases = (
				B81E1F9228922EFD0099A325 /* Sources */,
				B81E1F9328922EFD0099A325 /* Frameworks */,
				B81E1F9428922EFD0099A325 /* Resources */,
			);
			buildRules = (
			);
			dependencies = (
			);
			name = "Runloop卡顿监听实践";
			productName = "Runloop卡顿监听实践";
			productReference = B81E1F9628922EFD0099A325 /* Runloop卡顿监听实践.app */;
			productType = "com.apple.product-type.application";
		};
/* End PBXNativeTarget section */

/* Begin PBXProject section */
		B81E1F8E28922EFD0099A325 /* Project object */ = {
			isa = PBXProject;
			attributes = {
				BuildIndependentTargetsInParallel = 1;
				LastUpgradeCheck = 1340;
				TargetAttributes = {
					B81E1F9528922EFD0099A325 = {
						CreatedOnToolsVersion = 13.4.1;
					};
				};
			};
			buildConfigurationList = B81E1F9128922EFD0099A325 /* Build configuration list for PBXProject "Runloop卡顿监听实践" */;
			compatibilityVersion = "Xcode 13.0";
			developmentRegion = en;
			hasScannedForEncodings = 0;
			knownRegions = (
				en,
				Base,
			);
			mainGroup = B81E1F8D28922EFD0099A325;
			productRefGroup = B81E1F9728922EFD0099A325 /* Products */;
			projectDirPath = "";
			projectRoot = "";
			targets = (
				B81E1F9528922EFD0099A325 /* Runloop卡顿监听实践 */,
			);
		};
/* End PBXProject section */

/* Begin PBXResourcesBuildPhase section */
		B81E1F9428922EFD0099A325 /* Resources */ = {
			isa = PBXResourcesBuildPhase;
			buildActionMask = 2147483647;
			files = (
				B81E1FA928922EFF0099A325 /* LaunchScreen.storyboard in Resources */,
				B81E1FA628922EFF0099A325 /* Assets.xcassets in Resources */,
				B81E1FA428922EFD0099A325 /* Main.storyboard in Resources */,
			);
			runOnlyForDeploymentPostprocessing = 0;
		};
/* End PBXResourcesBuildPhase section */

/* Begin PBXSourcesBuildPhase section */
		B81E1F9228922EFD0099A325 /* Sources */ = {
			isa = PBXSourcesBuildPhase;
			buildActionMask = 2147483647;
			files = (
				B81E1FA128922EFD0099A325 /* ViewController.m in Sources */,
				B81E1F9B28922EFD0099A325 /* AppDelegate.m in Sources */,
				B81E1FB528922F930099A325 /* HZFrozenObserverManager.m in Sources */,
				B81E1FAC28922EFF0099A325 /* main.m in Sources */,
				B81E1F9E28922EFD0099A325 /* SceneDelegate.m in Sources */,
			);
			runOnlyForDeploymentPostprocessing = 0;
		};
/* End PBXSourcesBuildPhase section */

/* Begin PBXVariantGroup section */
		B81E1FA228922EFD0099A325 /* Main.storyboard */ = {
			isa = PBXVariantGroup;
			children = (
				B81E1FA328922EFD0099A325 /* Base */,
			);
			name = Main.storyboard;
			sourceTree = "<group>";
		};
		B81E1FA728922EFF0099A325 /* LaunchScreen.storyboard */ = {
			isa = PBXVariantGroup;
			children = (
				B81E1FA828922EFF0099A325 /* Base */,
			);
			name = LaunchScreen.storyboard;
			sourceTree = "<group>";
		};
/* End PBXVariantGroup section */

/* Begin XCBuildConfiguration section */
		B81E1FAD28922EFF0099A325 /* Debug */ = {
			isa = XCBuildConfiguration;
			buildSettings = {
				ALWAYS_SEARCH_USER_PATHS = NO;
				CLANG_ANALYZER_NONNULL = YES;
				CLANG_ANALYZER_NUMBER_OBJECT_CONVERSION = YES_AGGRESSIVE;
				CLANG_CXX_LANGUAGE_STANDARD = "gnu++17";
				CLANG_ENABLE_MODULES = YES;
				CLANG_ENABLE_OBJC_ARC = YES;
				CLANG_ENABLE_OBJC_WEAK = YES;
				CLANG_WARN_BLOCK_CAPTURE_AUTORELEASING = YES;
				CLANG_WARN_BOOL_CONVERSION = YES;
				CLANG_WARN_COMMA = YES;
				CLANG_WARN_CONSTANT_CONVERSION = YES;
				CLANG_WARN_DEPRECATED_OBJC_IMPLEMENTATIONS = YES;
				CLANG_WARN_DIRECT_OBJC_ISA_USAGE = YES_ERROR;
				CLANG_WARN_DOCUMENTATION_COMMENTS = YES;
				CLANG_WARN_EMPTY_BODY = YES;
				CLANG_WARN_ENUM_CONVERSION = YES;
				CLANG_WARN_INFINITE_RECURSION = YES;
				CLANG_WARN_INT_CONVERSION = YES;
				CLANG_WARN_NON_LITERAL_NULL_CONVERSION = YES;
				CLANG_WARN_OBJC_IMPLICIT_RETAIN_SELF = YES;
				CLANG_WARN_OBJC_LITERAL_CONVERSION = YES;
				CLANG_WARN_OBJC_ROOT_CLASS = YES_ERROR;
				CLANG_WARN_QUOTED_INCLUDE_IN_FRAMEWORK_HEADER = YES;
				CLANG_WARN_RANGE_LOOP_ANALYSIS = YES;
				CLANG_WARN_STRICT_PROTOTYPES = YES;
				CLANG_WARN_SUSPICIOUS_MOVE = YES;
				CLANG_WARN_UNGUARDED_AVAILABILITY = YES_AGGRESSIVE;
				CLANG_WARN_UNREACHABLE_CODE = YES;
				CLANG_WARN__DUPLICATE_METHOD_MATCH = YES;
				COPY_PHASE_STRIP = NO;
				DEBUG_INFORMATION_FORMAT = dwarf;
				ENABLE_STRICT_OBJC_MSGSEND = YES;
				ENABLE_TESTABILITY = YES;
				GCC_C_LANGUAGE_STANDARD = gnu11;
				GCC_DYNAMIC_NO_PIC = NO;
				GCC_NO_COMMON_BLOCKS = YES;
				GCC_OPTIMIZATION_LEVEL = 0;
				GCC_PREPROCESSOR_DEFINITIONS = (
					"DEBUG=1",
					"$(inherited)",
				);
				GCC_WARN_64_TO_32_BIT_CONVERSION = YES;
				GCC_WARN_ABOUT_RETURN_TYPE = YES_ERROR;
				GCC_WARN_UNDECLARED_SELECTOR = YES;
				GCC_WARN_UNINITIALIZED_AUTOS = YES_AGGRESSIVE;
				GCC_WARN_UNUSED_FUNCTION = YES;
				GCC_WARN_UNUSED_VARIABLE = YES;
				IPHONEOS_DEPLOYMENT_TARGET = 15.5;
				MTL_ENABLE_DEBUG_INFO = INCLUDE_SOURCE;
				MTL_FAST_MATH = YES;
				ONLY_ACTIVE_ARCH = YES;
				SDKROOT = iphoneos;
			};
			name = Debug;
		};
		B81E1FAE28922EFF0099A325 /* Release */ = {
			isa = XCBuildConfiguration;
			buildSettings = {
				ALWAYS_SEARCH_USER_PATHS = NO;
				CLANG_ANALYZER_NONNULL = YES;
				CLANG_ANALYZER_NUMBER_OBJECT_CONVERSION = YES_AGGRESSIVE;
				CLANG_CXX_LANGUAGE_STANDARD = "gnu++17";
				CLANG_ENABLE_MODULES = YES;
				CLANG_ENABLE_OBJC_ARC = YES;
				CLANG_ENABLE_OBJC_WEAK = YES;
				CLANG_WARN_BLOCK_CAPTURE_AUTORELEASING = YES;
				CLANG_WARN_BOOL_CONVERSION = YES;
				CLANG_WARN_COMMA = YES;
				CLANG_WARN_CONSTANT_CONVERSION = YES;
				CLANG_WARN_DEPRECATED_OBJC_IMPLEMENTATIONS = YES;
				CLANG_WARN_DIRECT_OBJC_ISA_USAGE = YES_ERROR;
				CLANG_WARN_DOCUMENTATION_COMMENTS = YES;
				CLANG_WARN_EMPTY_BODY = YES;
				CLANG_WARN_ENUM_CONVERSION = YES;
				CLANG_WARN_INFINITE_RECURSION = YES;
				CLANG_WARN_INT_CONVERSION = YES;
				CLANG_WARN_NON_LITERAL_NULL_CONVERSION = YES;
				CLANG_WARN_OBJC_IMPLICIT_RETAIN_SELF = YES;
				CLANG_WARN_OBJC_LITERAL_CONVERSION = YES;
				CLANG_WARN_OBJC_ROOT_CLASS = YES_ERROR;
				CLANG_WARN_QUOTED_INCLUDE_IN_FRAMEWORK_HEADER = YES;
				CLANG_WARN_RANGE_LOOP_ANALYSIS = YES;
				CLANG_WARN_STRICT_PROTOTYPES = YES;
				CLANG_WARN_SUSPICIOUS_MOVE = YES;
				CLANG_WARN_UNGUARDED_AVAILABILITY = YES_AGGRESSIVE;
				CLANG_WARN_UNREACHABLE_CODE = YES;
				CLANG_WARN__DUPLICATE_METHOD_MATCH = YES;
				COPY_PHASE_STRIP = NO;
				DEBUG_INFORMATION_FORMAT = "dwarf-with-dsym";
				ENABLE_NS_ASSERTIONS = NO;
				ENABLE_STRICT_OBJC_MSGSEND = YES;
				GCC_C_LANGUAGE_STANDARD = gnu11;
				GCC_NO_COMMON_BLOCKS = YES;
				GCC_WARN_64_TO_32_BIT_CONVERSION = YES;
				GCC_WARN_ABOUT_RETURN_TYPE = YES_ERROR;
				GCC_WARN_UNDECLARED_SELECTOR = YES;
				GCC_WARN_UNINITIALIZED_AUTOS = YES_AGGRESSIVE;
				GCC_WARN_UNUSED_FUNCTION = YES;
				GCC_WARN_UNUSED_VARIABLE = YES;
				IPHONEOS_DEPLOYMENT_TARGET = 15.5;
				MTL_ENABLE_DEBUG_INFO = NO;
				MTL_FAST_MATH = YES;
				SDKROOT = iphoneos;
				VALIDATE_PRODUCT = YES;
			};
			name = Release;
		};
		B81E1FB028922EFF0099A325 /* Debug */ = {
			isa = XCBuildConfiguration;
			buildSettings = {
				ASSETCATALOG_COMPILER_APPICON_NAME = AppIcon;
				ASSETCATALOG_COMPILER_GLOBAL_ACCENT_COLOR_NAME = AccentColor;
				CODE_SIGN_STYLE = Automatic;
				CURRENT_PROJECT_VERSION = 1;
				GENERATE_INFOPLIST_FILE = YES;
				INFOPLIST_FILE = "Runloop卡顿监听实践/Info.plist";
				INFOPLIST_KEY_UIApplicationSupportsIndirectInputEvents = YES;
				INFOPLIST_KEY_UILaunchStoryboardName = LaunchScreen;
				INFOPLIST_KEY_UIMainStoryboardFile = Main;
				INFOPLIST_KEY_UISupportedInterfaceOrientations_iPad = "UIInterfaceOrientationPortrait UIInterfaceOrientationPortraitUpsideDown UIInterfaceOrientationLandscapeLeft UIInterfaceOrientationLandscapeRight";
				INFOPLIST_KEY_UISupportedInterfaceOrientations_iPhone = "UIInterfaceOrientationPortrait UIInterfaceOrientationLandscapeLeft UIInterfaceOrientationLandscapeRight";
				LD_RUNPATH_SEARCH_PATHS = (
					"$(inherited)",
					"@executable_path/Frameworks",
				);
				MARKETING_VERSION = 1.0;
				PRODUCT_BUNDLE_IDENTIFIER = "com.lee.Runloop------";
				PRODUCT_NAME = "$(TARGET_NAME)";
				SWIFT_EMIT_LOC_STRINGS = YES;
				TARGETED_DEVICE_FAMILY = "1,2";
			};
			name = Debug;
		};
		B81E1FB128922EFF0099A325 /* Release */ = {
			isa = XCBuildConfiguration;
			buildSettings = {
				ASSETCATALOG_COMPILER_APPICON_NAME = AppIcon;
				ASSETCATALOG_COMPILER_GLOBAL_ACCENT_COLOR_NAME = AccentColor;
				CODE_SIGN_STYLE = Automatic;
				CURRENT_PROJECT_VERSION = 1;
				GENERATE_INFOPLIST_FILE = YES;
				INFOPLIST_FILE = "Runloop卡顿监听实践/Info.plist";
				INFOPLIST_KEY_UIApplicationSupportsIndirectInputEvents = YES;
				INFOPLIST_KEY_UILaunchStoryboardName = LaunchScreen;
				INFOPLIST_KEY_UIMainStoryboardFile = Main;
				INFOPLIST_KEY_UISupportedInterfaceOrientations_iPad = "UIInterfaceOrientationPortrait UIInterfaceOrientationPortraitUpsideDown UIInterfaceOrientationLandscapeLeft UIInterfaceOrientationLandscapeRight";
				INFOPLIST_KEY_UISupportedInterfaceOrientations_iPhone = "UIInterfaceOrientationPortrait UIInterfaceOrientationLandscapeLeft UIInterfaceOrientationLandscapeRight";
				LD_RUNPATH_SEARCH_PATHS = (
					"$(inherited)",
					"@executable_path/Frameworks",
				);
				MARKETING_VERSION = 1.0;
				PRODUCT_BUNDLE_IDENTIFIER = "com.lee.Runloop------";
				PRODUCT_NAME = "$(TARGET_NAME)";
				SWIFT_EMIT_LOC_STRINGS = YES;
				TARGETED_DEVICE_FAMILY = "1,2";
			};
			name = Release;
		};
/* End XCBuildConfiguration section */

/* Begin XCConfigurationList section */
		B81E1F9128922EFD0099A325 /* Build configuration list for PBXProject "Runloop卡顿监听实践" */ = {
			isa = XCConfigurationList;
			buildConfigurations = (
				B81E1FAD28922EFF0099A325 /* Debug */,
				B81E1FAE28922EFF0099A325 /* Release */,
			);
			defaultConfigurationIsVisible = 0;
			defaultConfigurationName = Release;
		};
		B81E1FAF28922EFF0099A325 /* Build configuration list for PBXNativeTarget "Runloop卡顿监听实践" */ = {
			isa = XCConfigurationList;
			buildConfigurations = (
				B81E1FB028922EFF0099A325 /* Debug */,
				B81E1FB128922EFF0099A325 /* Release */,
			);
			defaultConfigurationIsVisible = 0;
			defaultConfigurationName = Release;
		};
/* End XCConfigurationList section */
	};
	rootObject = B81E1F8E28922EFD0099A325 /* Project object */;
}
