// !$*UTF8*$!
{
	archiveVersion = 1;
	classes = {
	};
	objectVersion = 50;
	objects = {

/* Begin PBXBuildFile section */
		1C2A98D372EE41473497B354 /* libPods-video_frame.a in Frameworks */ = {isa = PBXBuildFile; fileRef = E294E6C22A0170F14F201A52 /* libPods-video_frame.a */; };
		B822A50F277453E300751805 /* AppDelegate.m in Sources */ = {isa = PBXBuildFile; fileRef = B822A50E277453E300751805 /* AppDelegate.m */; };
		B822A512277453E300751805 /* SceneDelegate.m in Sources */ = {isa = PBXBuildFile; fileRef = B822A511277453E300751805 /* SceneDelegate.m */; };
		B822A515277453E300751805 /* ViewController.m in Sources */ = {isa = PBXBuildFile; fileRef = B822A514277453E300751805 /* ViewController.m */; };
		B822A518277453E300751805 /* Main.storyboard in Resources */ = {isa = PBXBuildFile; fileRef = B822A516277453E300751805 /* Main.storyboard */; };
		B822A51A277453E500751805 /* Assets.xcassets in Resources */ = {isa = PBXBuildFile; fileRef = B822A519277453E500751805 /* Assets.xcassets */; };
		B822A51D277453E500751805 /* LaunchScreen.storyboard in Resources */ = {isa = PBXBuildFile; fileRef = B822A51B277453E500751805 /* LaunchScreen.storyboard */; };
		B822A520277453E500751805 /* main.m in Sources */ = {isa = PBXBuildFile; fileRef = B822A51F277453E500751805 /* main.m */; };
		B822A525277455AA00751805 /* ping20s.mp4 in Resources */ = {isa = PBXBuildFile; fileRef = B822A524277455AA00751805 /* ping20s.mp4 */; };
		B822A5282774627500751805 /* TestCell.m in Sources */ = {isa = PBXBuildFile; fileRef = B822A5272774627500751805 /* TestCell.m */; };
		B822A52A2774671A00751805 /* IMG_0538.MOV in Resources */ = {isa = PBXBuildFile; fileRef = B822A5292774671A00751805 /* IMG_0538.MOV */; };
		B822A5332774856500751805 /* AppDelegate.m in Sources */ = {isa = PBXBuildFile; fileRef = B822A5322774856500751805 /* AppDelegate.m */; };
		B822A5362774856500751805 /* SceneDelegate.m in Sources */ = {isa = PBXBuildFile; fileRef = B822A5352774856500751805 /* SceneDelegate.m */; };
		B822A5392774856500751805 /* ViewController.m in Sources */ = {isa = PBXBuildFile; fileRef = B822A5382774856500751805 /* ViewController.m */; };
		B822A53C2774856500751805 /* Main.storyboard in Resources */ = {isa = PBXBuildFile; fileRef = B822A53A2774856500751805 /* Main.storyboard */; };
		B822A53E2774856700751805 /* Assets.xcassets in Resources */ = {isa = PBXBuildFile; fileRef = B822A53D2774856700751805 /* Assets.xcassets */; };
		B822A5412774856700751805 /* LaunchScreen.storyboard in Resources */ = {isa = PBXBuildFile; fileRef = B822A53F2774856700751805 /* LaunchScreen.storyboard */; };
		B822A5442774856700751805 /* main.m in Sources */ = {isa = PBXBuildFile; fileRef = B822A5432774856700751805 /* main.m */; };
		B83E2B29214F48FC007A7B24 /* AppDelegate.m in Sources */ = {isa = PBXBuildFile; fileRef = B83E2B28214F48FC007A7B24 /* AppDelegate.m */; };
		B83E2B2C214F48FC007A7B24 /* ViewController.m in Sources */ = {isa = PBXBuildFile; fileRef = B83E2B2B214F48FC007A7B24 /* ViewController.m */; };
		B83E2B2F214F48FC007A7B24 /* Main.storyboard in Resources */ = {isa = PBXBuildFile; fileRef = B83E2B2D214F48FC007A7B24 /* Main.storyboard */; };
		B83E2B31214F48FD007A7B24 /* Assets.xcassets in Resources */ = {isa = PBXBuildFile; fileRef = B83E2B30214F48FD007A7B24 /* Assets.xcassets */; };
		B83E2B34214F48FD007A7B24 /* LaunchScreen.storyboard in Resources */ = {isa = PBXBuildFile; fileRef = B83E2B32214F48FD007A7B24 /* LaunchScreen.storyboard */; };
		B83E2B37214F48FD007A7B24 /* main.m in Sources */ = {isa = PBXBuildFile; fileRef = B83E2B36214F48FD007A7B24 /* main.m */; };
		B83E2B3F214F5350007A7B24 /* Person.m in Sources */ = {isa = PBXBuildFile; fileRef = B83E2B3E214F5350007A7B24 /* Person.m */; };
		BEE0412B6C72CD56C4EE129B /* libPods-读源码-SDWebImage.a in Frameworks */ = {isa = PBXBuildFile; fileRef = 742ED0A089B2AF6BEA3894CA /* libPods-读源码-SDWebImage.a */; };
/* End PBXBuildFile section */

/* Begin PBXFileReference section */
		2F3E1CB1D69B5C4342BB2513 /* Pods-读源码-SDWebImage.release.xcconfig */ = {isa = PBXFileReference; includeInIndex = 1; lastKnownFileType = text.xcconfig; name = "Pods-读源码-SDWebImage.release.xcconfig"; path = "Target Support Files/Pods-读源码-SDWebImage/Pods-读源码-SDWebImage.release.xcconfig"; sourceTree = "<group>"; };
		742ED0A089B2AF6BEA3894CA /* libPods-读源码-SDWebImage.a */ = {isa = PBXFileReference; explicitFileType = archive.ar; includeInIndex = 0; path = "libPods-读源码-SDWebImage.a"; sourceTree = BUILT_PRODUCTS_DIR; };
		80EEB00D4836773AC03AAF05 /* Pods-video_frame.release.xcconfig */ = {isa = PBXFileReference; includeInIndex = 1; lastKnownFileType = text.xcconfig; name = "Pods-video_frame.release.xcconfig"; path = "Target Support Files/Pods-video_frame/Pods-video_frame.release.xcconfig"; sourceTree = "<group>"; };
		82B9FA2D47434258F5C387A0 /* Pods-读源码-SDWebImage.debug.xcconfig */ = {isa = PBXFileReference; includeInIndex = 1; lastKnownFileType = text.xcconfig; name = "Pods-读源码-SDWebImage.debug.xcconfig"; path = "Target Support Files/Pods-读源码-SDWebImage/Pods-读源码-SDWebImage.debug.xcconfig"; sourceTree = "<group>"; };
		B822A50B277453E300751805 /* video_frame.app */ = {isa = PBXFileReference; explicitFileType = wrapper.application; includeInIndex = 0; path = video_frame.app; sourceTree = BUILT_PRODUCTS_DIR; };
		B822A50D277453E300751805 /* AppDelegate.h */ = {isa = PBXFileReference; lastKnownFileType = sourcecode.c.h; path = AppDelegate.h; sourceTree = "<group>"; };
		B822A50E277453E300751805 /* AppDelegate.m */ = {isa = PBXFileReference; lastKnownFileType = sourcecode.c.objc; path = AppDelegate.m; sourceTree = "<group>"; };
		B822A510277453E300751805 /* SceneDelegate.h */ = {isa = PBXFileReference; lastKnownFileType = sourcecode.c.h; path = SceneDelegate.h; sourceTree = "<group>"; };
		B822A511277453E300751805 /* SceneDelegate.m */ = {isa = PBXFileReference; lastKnownFileType = sourcecode.c.objc; path = SceneDelegate.m; sourceTree = "<group>"; };
		B822A513277453E300751805 /* ViewController.h */ = {isa = PBXFileReference; lastKnownFileType = sourcecode.c.h; path = ViewController.h; sourceTree = "<group>"; };
		B822A514277453E300751805 /* ViewController.m */ = {isa = PBXFileReference; lastKnownFileType = sourcecode.c.objc; path = ViewController.m; sourceTree = "<group>"; };
		B822A517277453E300751805 /* Base */ = {isa = PBXFileReference; lastKnownFileType = file.storyboard; name = Base; path = Base.lproj/Main.storyboard; sourceTree = "<group>"; };
		B822A519277453E500751805 /* Assets.xcassets */ = {isa = PBXFileReference; lastKnownFileType = folder.assetcatalog; path = Assets.xcassets; sourceTree = "<group>"; };
		B822A51C277453E500751805 /* Base */ = {isa = PBXFileReference; lastKnownFileType = file.storyboard; name = Base; path = Base.lproj/LaunchScreen.storyboard; sourceTree = "<group>"; };
		B822A51E277453E500751805 /* Info.plist */ = {isa = PBXFileReference; lastKnownFileType = text.plist.xml; path = Info.plist; sourceTree = "<group>"; };
		B822A51F277453E500751805 /* main.m */ = {isa = PBXFileReference; lastKnownFileType = sourcecode.c.objc; path = main.m; sourceTree = "<group>"; };
		B822A524277455AA00751805 /* ping20s.mp4 */ = {isa = PBXFileReference; lastKnownFileType = file; path = ping20s.mp4; sourceTree = "<group>"; };
		B822A5262774627500751805 /* TestCell.h */ = {isa = PBXFileReference; lastKnownFileType = sourcecode.c.h; path = TestCell.h; sourceTree = "<group>"; };
		B822A5272774627500751805 /* TestCell.m */ = {isa = PBXFileReference; lastKnownFileType = sourcecode.c.objc; path = TestCell.m; sourceTree = "<group>"; };
		B822A5292774671A00751805 /* IMG_0538.MOV */ = {isa = PBXFileReference; lastKnownFileType = video.quicktime; path = IMG_0538.MOV; sourceTree = "<group>"; };
		B822A52F2774856500751805 /* test.app */ = {isa = PBXFileReference; explicitFileType = wrapper.application; includeInIndex = 0; path = test.app; sourceTree = BUILT_PRODUCTS_DIR; };
		B822A5312774856500751805 /* AppDelegate.h */ = {isa = PBXFileReference; lastKnownFileType = sourcecode.c.h; path = AppDelegate.h; sourceTree = "<group>"; };
		B822A5322774856500751805 /* AppDelegate.m */ = {isa = PBXFileReference; lastKnownFileType = sourcecode.c.objc; path = AppDelegate.m; sourceTree = "<group>"; };
		B822A5342774856500751805 /* SceneDelegate.h */ = {isa = PBXFileReference; lastKnownFileType = sourcecode.c.h; path = SceneDelegate.h; sourceTree = "<group>"; };
		B822A5352774856500751805 /* SceneDelegate.m */ = {isa = PBXFileReference; lastKnownFileType = sourcecode.c.objc; path = SceneDelegate.m; sourceTree = "<group>"; };
		B822A5372774856500751805 /* ViewController.h */ = {isa = PBXFileReference; lastKnownFileType = sourcecode.c.h; path = ViewController.h; sourceTree = "<group>"; };
		B822A5382774856500751805 /* ViewController.m */ = {isa = PBXFileReference; lastKnownFileType = sourcecode.c.objc; path = ViewController.m; sourceTree = "<group>"; };
		B822A53B2774856500751805 /* Base */ = {isa = PBXFileReference; lastKnownFileType = file.storyboard; name = Base; path = Base.lproj/Main.storyboard; sourceTree = "<group>"; };
		B822A53D2774856700751805 /* Assets.xcassets */ = {isa = PBXFileReference; lastKnownFileType = folder.assetcatalog; path = Assets.xcassets; sourceTree = "<group>"; };
		B822A5402774856700751805 /* Base */ = {isa = PBXFileReference; lastKnownFileType = file.storyboard; name = Base; path = Base.lproj/LaunchScreen.storyboard; sourceTree = "<group>"; };
		B822A5422774856700751805 /* Info.plist */ = {isa = PBXFileReference; lastKnownFileType = text.plist.xml; path = Info.plist; sourceTree = "<group>"; };
		B822A5432774856700751805 /* main.m */ = {isa = PBXFileReference; lastKnownFileType = sourcecode.c.objc; path = main.m; sourceTree = "<group>"; };
		B83E2B24214F48FC007A7B24 /* 读源码-SDWebImage.app */ = {isa = PBXFileReference; explicitFileType = wrapper.application; includeInIndex = 0; path = "读源码-SDWebImage.app"; sourceTree = BUILT_PRODUCTS_DIR; };
		B83E2B27214F48FC007A7B24 /* AppDelegate.h */ = {isa = PBXFileReference; lastKnownFileType = sourcecode.c.h; path = AppDelegate.h; sourceTree = "<group>"; };
		B83E2B28214F48FC007A7B24 /* AppDelegate.m */ = {isa = PBXFileReference; lastKnownFileType = sourcecode.c.objc; path = AppDelegate.m; sourceTree = "<group>"; };
		B83E2B2A214F48FC007A7B24 /* ViewController.h */ = {isa = PBXFileReference; lastKnownFileType = sourcecode.c.h; path = ViewController.h; sourceTree = "<group>"; };
		B83E2B2B214F48FC007A7B24 /* ViewController.m */ = {isa = PBXFileReference; lastKnownFileType = sourcecode.c.objc; path = ViewController.m; sourceTree = "<group>"; };
		B83E2B2E214F48FC007A7B24 /* Base */ = {isa = PBXFileReference; lastKnownFileType = file.storyboard; name = Base; path = Base.lproj/Main.storyboard; sourceTree = "<group>"; };
		B83E2B30214F48FD007A7B24 /* Assets.xcassets */ = {isa = PBXFileReference; lastKnownFileType = folder.assetcatalog; path = Assets.xcassets; sourceTree = "<group>"; };
		B83E2B33214F48FD007A7B24 /* Base */ = {isa = PBXFileReference; lastKnownFileType = file.storyboard; name = Base; path = Base.lproj/LaunchScreen.storyboard; sourceTree = "<group>"; };
		B83E2B35214F48FD007A7B24 /* Info.plist */ = {isa = PBXFileReference; lastKnownFileType = text.plist.xml; path = Info.plist; sourceTree = "<group>"; };
		B83E2B36214F48FD007A7B24 /* main.m */ = {isa = PBXFileReference; lastKnownFileType = sourcecode.c.objc; path = main.m; sourceTree = "<group>"; };
		B83E2B3D214F5350007A7B24 /* Person.h */ = {isa = PBXFileReference; lastKnownFileType = sourcecode.c.h; path = Person.h; sourceTree = "<group>"; };
		B83E2B3E214F5350007A7B24 /* Person.m */ = {isa = PBXFileReference; lastKnownFileType = sourcecode.c.objc; path = Person.m; sourceTree = "<group>"; };
		E294E6C22A0170F14F201A52 /* libPods-video_frame.a */ = {isa = PBXFileReference; explicitFileType = archive.ar; includeInIndex = 0; path = "libPods-video_frame.a"; sourceTree = BUILT_PRODUCTS_DIR; };
		FAE382319EE2CFD91125BCF1 /* Pods-video_frame.debug.xcconfig */ = {isa = PBXFileReference; includeInIndex = 1; lastKnownFileType = text.xcconfig; name = "Pods-video_frame.debug.xcconfig"; path = "Target Support Files/Pods-video_frame/Pods-video_frame.debug.xcconfig"; sourceTree = "<group>"; };
/* End PBXFileReference section */

/* Begin PBXFrameworksBuildPhase section */
		B822A508277453E300751805 /* Frameworks */ = {
			isa = PBXFrameworksBuildPhase;
			buildActionMask = 2147483647;
			files = (
				1C2A98D372EE41473497B354 /* libPods-video_frame.a in Frameworks */,
			);
			runOnlyForDeploymentPostprocessing = 0;
		};
		B822A52C2774856500751805 /* Frameworks */ = {
			isa = PBXFrameworksBuildPhase;
			buildActionMask = 2147483647;
			files = (
			);
			runOnlyForDeploymentPostprocessing = 0;
		};
		B83E2B21214F48FC007A7B24 /* Frameworks */ = {
			isa = PBXFrameworksBuildPhase;
			buildActionMask = 2147483647;
			files = (
				BEE0412B6C72CD56C4EE129B /* libPods-读源码-SDWebImage.a in Frameworks */,
			);
			runOnlyForDeploymentPostprocessing = 0;
		};
/* End PBXFrameworksBuildPhase section */

/* Begin PBXGroup section */
		B822A50C277453E300751805 /* video_frame */ = {
			isa = PBXGroup;
			children = (
				B822A5292774671A00751805 /* IMG_0538.MOV */,
				B822A524277455AA00751805 /* ping20s.mp4 */,
				B822A50D277453E300751805 /* AppDelegate.h */,
				B822A50E277453E300751805 /* AppDelegate.m */,
				B822A510277453E300751805 /* SceneDelegate.h */,
				B822A511277453E300751805 /* SceneDelegate.m */,
				B822A513277453E300751805 /* ViewController.h */,
				B822A514277453E300751805 /* ViewController.m */,
				B822A5262774627500751805 /* TestCell.h */,
				B822A5272774627500751805 /* TestCell.m */,
				B822A516277453E300751805 /* Main.storyboard */,
				B822A519277453E500751805 /* Assets.xcassets */,
				B822A51B277453E500751805 /* LaunchScreen.storyboard */,
				B822A51E277453E500751805 /* Info.plist */,
				B822A51F277453E500751805 /* main.m */,
			);
			path = video_frame;
			sourceTree = "<group>";
		};
		B822A5302774856500751805 /* test */ = {
			isa = PBXGroup;
			children = (
				B822A5312774856500751805 /* AppDelegate.h */,
				B822A5322774856500751805 /* AppDelegate.m */,
				B822A5342774856500751805 /* SceneDelegate.h */,
				B822A5352774856500751805 /* SceneDelegate.m */,
				B822A5372774856500751805 /* ViewController.h */,
				B822A5382774856500751805 /* ViewController.m */,
				B822A53A2774856500751805 /* Main.storyboard */,
				B822A53D2774856700751805 /* Assets.xcassets */,
				B822A53F2774856700751805 /* LaunchScreen.storyboard */,
				B822A5422774856700751805 /* Info.plist */,
				B822A5432774856700751805 /* main.m */,
			);
			path = test;
			sourceTree = "<group>";
		};
		B83E2B1B214F48FC007A7B24 = {
			isa = PBXGroup;
			children = (
				B83E2B26214F48FC007A7B24 /* 读源码-SDWebImage */,
				B822A50C277453E300751805 /* video_frame */,
				B822A5302774856500751805 /* test */,
				B83E2B25214F48FC007A7B24 /* Products */,
				FF90D1E4641EE0C6A84C9553 /* Pods */,
				F9D877B009E5811084509BD5 /* Frameworks */,
			);
			sourceTree = "<group>";
		};
		B83E2B25214F48FC007A7B24 /* Products */ = {
			isa = PBXGroup;
			children = (
				B83E2B24214F48FC007A7B24 /* 读源码-SDWebImage.app */,
				B822A50B277453E300751805 /* video_frame.app */,
				B822A52F2774856500751805 /* test.app */,
			);
			name = Products;
			sourceTree = "<group>";
		};
		B83E2B26214F48FC007A7B24 /* 读源码-SDWebImage */ = {
			isa = PBXGroup;
			children = (
				B83E2B27214F48FC007A7B24 /* AppDelegate.h */,
				B83E2B28214F48FC007A7B24 /* AppDelegate.m */,
				B83E2B2A214F48FC007A7B24 /* ViewController.h */,
				B83E2B2B214F48FC007A7B24 /* ViewController.m */,
				B83E2B3D214F5350007A7B24 /* Person.h */,
				B83E2B3E214F5350007A7B24 /* Person.m */,
				B83E2B2D214F48FC007A7B24 /* Main.storyboard */,
				B83E2B30214F48FD007A7B24 /* Assets.xcassets */,
				B83E2B32214F48FD007A7B24 /* LaunchScreen.storyboard */,
				B83E2B35214F48FD007A7B24 /* Info.plist */,
				B83E2B36214F48FD007A7B24 /* main.m */,
			);
			path = "读源码-SDWebImage";
			sourceTree = "<group>";
		};
		F9D877B009E5811084509BD5 /* Frameworks */ = {
			isa = PBXGroup;
			children = (
				742ED0A089B2AF6BEA3894CA /* libPods-读源码-SDWebImage.a */,
				E294E6C22A0170F14F201A52 /* libPods-video_frame.a */,
			);
			name = Frameworks;
			sourceTree = "<group>";
		};
		FF90D1E4641EE0C6A84C9553 /* Pods */ = {
			isa = PBXGroup;
			children = (
				82B9FA2D47434258F5C387A0 /* Pods-读源码-SDWebImage.debug.xcconfig */,
				2F3E1CB1D69B5C4342BB2513 /* Pods-读源码-SDWebImage.release.xcconfig */,
				FAE382319EE2CFD91125BCF1 /* Pods-video_frame.debug.xcconfig */,
				80EEB00D4836773AC03AAF05 /* Pods-video_frame.release.xcconfig */,
			);
			path = Pods;
			sourceTree = "<group>";
		};
/* End PBXGroup section */

/* Begin PBXNativeTarget section */
		B822A50A277453E300751805 /* video_frame */ = {
			isa = PBXNativeTarget;
			buildConfigurationList = B822A523277453E500751805 /* Build configuration list for PBXNativeTarget "video_frame" */;
			buildPhases = (
				2F591D185B23CE2E24794327 /* [CP] Check Pods Manifest.lock */,
				B822A507277453E300751805 /* Sources */,
				B822A508277453E300751805 /* Frameworks */,
				B822A509277453E300751805 /* Resources */,
			);
			buildRules = (
			);
			dependencies = (
			);
			name = video_frame;
			productName = video_frame;
			productReference = B822A50B277453E300751805 /* video_frame.app */;
			productType = "com.apple.product-type.application";
		};
		B822A52E2774856500751805 /* test */ = {
			isa = PBXNativeTarget;
			buildConfigurationList = B822A5452774856700751805 /* Build configuration list for PBXNativeTarget "test" */;
			buildPhases = (
				B822A52B2774856500751805 /* Sources */,
				B822A52C2774856500751805 /* Frameworks */,
				B822A52D2774856500751805 /* Resources */,
			);
			buildRules = (
			);
			dependencies = (
			);
			name = test;
			productName = test;
			productReference = B822A52F2774856500751805 /* test.app */;
			productType = "com.apple.product-type.application";
		};
		B83E2B23214F48FC007A7B24 /* 读源码-SDWebImage */ = {
			isa = PBXNativeTarget;
			buildConfigurationList = B83E2B3A214F48FD007A7B24 /* Build configuration list for PBXNativeTarget "读源码-SDWebImage" */;
			buildPhases = (
				16DA28721AE03F70DC0A9990 /* [CP] Check Pods Manifest.lock */,
				B83E2B20214F48FC007A7B24 /* Sources */,
				B83E2B21214F48FC007A7B24 /* Frameworks */,
				B83E2B22214F48FC007A7B24 /* Resources */,
			);
			buildRules = (
			);
			dependencies = (
			);
			name = "读源码-SDWebImage";
			productName = "读源码-SDWebImage";
			productReference = B83E2B24214F48FC007A7B24 /* 读源码-SDWebImage.app */;
			productType = "com.apple.product-type.application";
		};
/* End PBXNativeTarget section */

/* Begin PBXProject section */
		B83E2B1C214F48FC007A7B24 /* Project object */ = {
			isa = PBXProject;
			attributes = {
				LastUpgradeCheck = 0940;
				ORGANIZATIONNAME = wangze;
				TargetAttributes = {
					B822A50A277453E300751805 = {
						CreatedOnToolsVersion = 13.1;
					};
					B822A52E2774856500751805 = {
						CreatedOnToolsVersion = 13.1;
					};
					B83E2B23214F48FC007A7B24 = {
						CreatedOnToolsVersion = 9.4.1;
					};
				};
			};
			buildConfigurationList = B83E2B1F214F48FC007A7B24 /* Build configuration list for PBXProject "读源码-SDWebImage" */;
			compatibilityVersion = "Xcode 9.3";
			developmentRegion = en;
			hasScannedForEncodings = 0;
			knownRegions = (
				en,
				Base,
			);
			mainGroup = B83E2B1B214F48FC007A7B24;
			productRefGroup = B83E2B25214F48FC007A7B24 /* Products */;
			projectDirPath = "";
			projectRoot = "";
			targets = (
				B83E2B23214F48FC007A7B24 /* 读源码-SDWebImage */,
				B822A50A277453E300751805 /* video_frame */,
				B822A52E2774856500751805 /* test */,
			);
		};
/* End PBXProject section */

/* Begin PBXResourcesBuildPhase section */
		B822A509277453E300751805 /* Resources */ = {
			isa = PBXResourcesBuildPhase;
			buildActionMask = 2147483647;
			files = (
				B822A51D277453E500751805 /* LaunchScreen.storyboard in Resources */,
				B822A525277455AA00751805 /* ping20s.mp4 in Resources */,
				B822A51A277453E500751805 /* Assets.xcassets in Resources */,
				B822A52A2774671A00751805 /* IMG_0538.MOV in Resources */,
				B822A518277453E300751805 /* Main.storyboard in Resources */,
			);
			runOnlyForDeploymentPostprocessing = 0;
		};
		B822A52D2774856500751805 /* Resources */ = {
			isa = PBXResourcesBuildPhase;
			buildActionMask = 2147483647;
			files = (
				B822A5412774856700751805 /* LaunchScreen.storyboard in Resources */,
				B822A53E2774856700751805 /* Assets.xcassets in Resources */,
				B822A53C2774856500751805 /* Main.storyboard in Resources */,
			);
			runOnlyForDeploymentPostprocessing = 0;
		};
		B83E2B22214F48FC007A7B24 /* Resources */ = {
			isa = PBXResourcesBuildPhase;
			buildActionMask = 2147483647;
			files = (
				B83E2B34214F48FD007A7B24 /* LaunchScreen.storyboard in Resources */,
				B83E2B31214F48FD007A7B24 /* Assets.xcassets in Resources */,
				B83E2B2F214F48FC007A7B24 /* Main.storyboard in Resources */,
			);
			runOnlyForDeploymentPostprocessing = 0;
		};
/* End PBXResourcesBuildPhase section */

/* Begin PBXShellScriptBuildPhase section */
		16DA28721AE03F70DC0A9990 /* [CP] Check Pods Manifest.lock */ = {
			isa = PBXShellScriptBuildPhase;
			buildActionMask = 2147483647;
			files = (
			);
			inputPaths = (
				"${PODS_PODFILE_DIR_PATH}/Podfile.lock",
				"${PODS_ROOT}/Manifest.lock",
			);
			name = "[CP] Check Pods Manifest.lock";
			outputPaths = (
				"$(DERIVED_FILE_DIR)/Pods-读源码-SDWebImage-checkManifestLockResult.txt",
			);
			runOnlyForDeploymentPostprocessing = 0;
			shellPath = /bin/sh;
			shellScript = "diff \"${PODS_PODFILE_DIR_PATH}/Podfile.lock\" \"${PODS_ROOT}/Manifest.lock\" > /dev/null\nif [ $? != 0 ] ; then\n    # print error to STDERR\n    echo \"error: The sandbox is not in sync with the Podfile.lock. Run 'pod install' or update your CocoaPods installation.\" >&2\n    exit 1\nfi\n# This output is used by Xcode 'outputs' to avoid re-running this script phase.\necho \"SUCCESS\" > \"${SCRIPT_OUTPUT_FILE_0}\"\n";
			showEnvVarsInLog = 0;
		};
		2F591D185B23CE2E24794327 /* [CP] Check Pods Manifest.lock */ = {
			isa = PBXShellScriptBuildPhase;
			buildActionMask = 2147483647;
			files = (
			);
			inputFileListPaths = (
			);
			inputPaths = (
				"${PODS_PODFILE_DIR_PATH}/Podfile.lock",
				"${PODS_ROOT}/Manifest.lock",
			);
			name = "[CP] Check Pods Manifest.lock";
			outputFileListPaths = (
			);
			outputPaths = (
				"$(DERIVED_FILE_DIR)/Pods-video_frame-checkManifestLockResult.txt",
			);
			runOnlyForDeploymentPostprocessing = 0;
			shellPath = /bin/sh;
			shellScript = "diff \"${PODS_PODFILE_DIR_PATH}/Podfile.lock\" \"${PODS_ROOT}/Manifest.lock\" > /dev/null\nif [ $? != 0 ] ; then\n    # print error to STDERR\n    echo \"error: The sandbox is not in sync with the Podfile.lock. Run 'pod install' or update your CocoaPods installation.\" >&2\n    exit 1\nfi\n# This output is used by Xcode 'outputs' to avoid re-running this script phase.\necho \"SUCCESS\" > \"${SCRIPT_OUTPUT_FILE_0}\"\n";
			showEnvVarsInLog = 0;
		};
/* End PBXShellScriptBuildPhase section */

/* Begin PBXSourcesBuildPhase section */
		B822A507277453E300751805 /* Sources */ = {
			isa = PBXSourcesBuildPhase;
			buildActionMask = 2147483647;
			files = (
				B822A515277453E300751805 /* ViewController.m in Sources */,
				B822A50F277453E300751805 /* AppDelegate.m in Sources */,
				B822A5282774627500751805 /* TestCell.m in Sources */,
				B822A520277453E500751805 /* main.m in Sources */,
				B822A512277453E300751805 /* SceneDelegate.m in Sources */,
			);
			runOnlyForDeploymentPostprocessing = 0;
		};
		B822A52B2774856500751805 /* Sources */ = {
			isa = PBXSourcesBuildPhase;
			buildActionMask = 2147483647;
			files = (
				B822A5392774856500751805 /* ViewController.m in Sources */,
				B822A5332774856500751805 /* AppDelegate.m in Sources */,
				B822A5442774856700751805 /* main.m in Sources */,
				B822A5362774856500751805 /* SceneDelegate.m in Sources */,
			);
			runOnlyForDeploymentPostprocessing = 0;
		};
		B83E2B20214F48FC007A7B24 /* Sources */ = {
			isa = PBXSourcesBuildPhase;
			buildActionMask = 2147483647;
			files = (
				B83E2B2C214F48FC007A7B24 /* ViewController.m in Sources */,
				B83E2B37214F48FD007A7B24 /* main.m in Sources */,
				B83E2B3F214F5350007A7B24 /* Person.m in Sources */,
				B83E2B29214F48FC007A7B24 /* AppDelegate.m in Sources */,
			);
			runOnlyForDeploymentPostprocessing = 0;
		};
/* End PBXSourcesBuildPhase section */

/* Begin PBXVariantGroup section */
		B822A516277453E300751805 /* Main.storyboard */ = {
			isa = PBXVariantGroup;
			children = (
				B822A517277453E300751805 /* Base */,
			);
			name = Main.storyboard;
			sourceTree = "<group>";
		};
		B822A51B277453E500751805 /* LaunchScreen.storyboard */ = {
			isa = PBXVariantGroup;
			children = (
				B822A51C277453E500751805 /* Base */,
			);
			name = LaunchScreen.storyboard;
			sourceTree = "<group>";
		};
		B822A53A2774856500751805 /* Main.storyboard */ = {
			isa = PBXVariantGroup;
			children = (
				B822A53B2774856500751805 /* Base */,
			);
			name = Main.storyboard;
			sourceTree = "<group>";
		};
		B822A53F2774856700751805 /* LaunchScreen.storyboard */ = {
			isa = PBXVariantGroup;
			children = (
				B822A5402774856700751805 /* Base */,
			);
			name = LaunchScreen.storyboard;
			sourceTree = "<group>";
		};
		B83E2B2D214F48FC007A7B24 /* Main.storyboard */ = {
			isa = PBXVariantGroup;
			children = (
				B83E2B2E214F48FC007A7B24 /* Base */,
			);
			name = Main.storyboard;
			sourceTree = "<group>";
		};
		B83E2B32214F48FD007A7B24 /* LaunchScreen.storyboard */ = {
			isa = PBXVariantGroup;
			children = (
				B83E2B33214F48FD007A7B24 /* Base */,
			);
			name = LaunchScreen.storyboard;
			sourceTree = "<group>";
		};
/* End PBXVariantGroup section */

/* Begin XCBuildConfiguration section */
		B822A521277453E500751805 /* Debug */ = {
			isa = XCBuildConfiguration;
			baseConfigurationReference = FAE382319EE2CFD91125BCF1 /* Pods-video_frame.debug.xcconfig */;
			buildSettings = {
				ASSETCATALOG_COMPILER_APPICON_NAME = AppIcon;
				ASSETCATALOG_COMPILER_GLOBAL_ACCENT_COLOR_NAME = AccentColor;
				CLANG_CXX_LANGUAGE_STANDARD = "gnu++17";
				CLANG_WARN_QUOTED_INCLUDE_IN_FRAMEWORK_HEADER = YES;
				CODE_SIGN_STYLE = Automatic;
				CURRENT_PROJECT_VERSION = 1;
				DEVELOPMENT_TEAM = NMMY49G3S2;
				GENERATE_INFOPLIST_FILE = YES;
				INFOPLIST_FILE = video_frame/Info.plist;
				INFOPLIST_KEY_UIApplicationSupportsIndirectInputEvents = YES;
				INFOPLIST_KEY_UILaunchStoryboardName = LaunchScreen;
				INFOPLIST_KEY_UIMainStoryboardFile = Main;
				INFOPLIST_KEY_UISupportedInterfaceOrientations_iPad = "UIInterfaceOrientationPortrait UIInterfaceOrientationPortraitUpsideDown UIInterfaceOrientationLandscapeLeft UIInterfaceOrientationLandscapeRight";
				INFOPLIST_KEY_UISupportedInterfaceOrientations_iPhone = "UIInterfaceOrientationPortrait UIInterfaceOrientationLandscapeLeft UIInterfaceOrientationLandscapeRight";
				IPHONEOS_DEPLOYMENT_TARGET = 13.6;
				LD_RUNPATH_SEARCH_PATHS = (
					"$(inherited)",
					"@executable_path/Frameworks",
				);
				MARKETING_VERSION = 1.0;
				MTL_ENABLE_DEBUG_INFO = INCLUDE_SOURCE;
				MTL_FAST_MATH = YES;
				PRODUCT_BUNDLE_IDENTIFIER = "com.lee.video-frame";
				PRODUCT_NAME = "$(TARGET_NAME)";
				SWIFT_EMIT_LOC_STRINGS = YES;
				TARGETED_DEVICE_FAMILY = "1,2";
			};
			name = Debug;
		};
		B822A522277453E500751805 /* Release */ = {
			isa = XCBuildConfiguration;
			baseConfigurationReference = 80EEB00D4836773AC03AAF05 /* Pods-video_frame.release.xcconfig */;
			buildSettings = {
				ASSETCATALOG_COMPILER_APPICON_NAME = AppIcon;
				ASSETCATALOG_COMPILER_GLOBAL_ACCENT_COLOR_NAME = AccentColor;
				CLANG_CXX_LANGUAGE_STANDARD = "gnu++17";
				CLANG_WARN_QUOTED_INCLUDE_IN_FRAMEWORK_HEADER = YES;
				CODE_SIGN_STYLE = Automatic;
				CURRENT_PROJECT_VERSION = 1;
				DEVELOPMENT_TEAM = NMMY49G3S2;
				GENERATE_INFOPLIST_FILE = YES;
				INFOPLIST_FILE = video_frame/Info.plist;
				INFOPLIST_KEY_UIApplicationSupportsIndirectInputEvents = YES;
				INFOPLIST_KEY_UILaunchStoryboardName = LaunchScreen;
				INFOPLIST_KEY_UIMainStoryboardFile = Main;
				INFOPLIST_KEY_UISupportedInterfaceOrientations_iPad = "UIInterfaceOrientationPortrait UIInterfaceOrientationPortraitUpsideDown UIInterfaceOrientationLandscapeLeft UIInterfaceOrientationLandscapeRight";
				INFOPLIST_KEY_UISupportedInterfaceOrientations_iPhone = "UIInterfaceOrientationPortrait UIInterfaceOrientationLandscapeLeft UIInterfaceOrientationLandscapeRight";
				IPHONEOS_DEPLOYMENT_TARGET = 13.6;
				LD_RUNPATH_SEARCH_PATHS = (
					"$(inherited)",
					"@executable_path/Frameworks",
				);
				MARKETING_VERSION = 1.0;
				MTL_FAST_MATH = YES;
				PRODUCT_BUNDLE_IDENTIFIER = "com.lee.video-frame";
				PRODUCT_NAME = "$(TARGET_NAME)";
				SWIFT_EMIT_LOC_STRINGS = YES;
				TARGETED_DEVICE_FAMILY = "1,2";
			};
			name = Release;
		};
		B822A5462774856700751805 /* Debug */ = {
			isa = XCBuildConfiguration;
			buildSettings = {
				ASSETCATALOG_COMPILER_APPICON_NAME = AppIcon;
				ASSETCATALOG_COMPILER_GLOBAL_ACCENT_COLOR_NAME = AccentColor;
				CLANG_CXX_LANGUAGE_STANDARD = "gnu++17";
				CLANG_WARN_QUOTED_INCLUDE_IN_FRAMEWORK_HEADER = YES;
				CODE_SIGN_STYLE = Automatic;
				CURRENT_PROJECT_VERSION = 1;
				DEVELOPMENT_TEAM = NMMY49G3S2;
				GENERATE_INFOPLIST_FILE = YES;
				INFOPLIST_FILE = test/Info.plist;
				INFOPLIST_KEY_UIApplicationSupportsIndirectInputEvents = YES;
				INFOPLIST_KEY_UILaunchStoryboardName = LaunchScreen;
				INFOPLIST_KEY_UIMainStoryboardFile = Main;
				INFOPLIST_KEY_UISupportedInterfaceOrientations_iPad = "UIInterfaceOrientationPortrait UIInterfaceOrientationPortraitUpsideDown UIInterfaceOrientationLandscapeLeft UIInterfaceOrientationLandscapeRight";
				INFOPLIST_KEY_UISupportedInterfaceOrientations_iPhone = "UIInterfaceOrientationPortrait UIInterfaceOrientationLandscapeLeft UIInterfaceOrientationLandscapeRight";
				IPHONEOS_DEPLOYMENT_TARGET = 13.2;
				LD_RUNPATH_SEARCH_PATHS = (
					"$(inherited)",
					"@executable_path/Frameworks",
				);
				MARKETING_VERSION = 1.0;
				MTL_ENABLE_DEBUG_INFO = INCLUDE_SOURCE;
				MTL_FAST_MATH = YES;
				PRODUCT_BUNDLE_IDENTIFIER = com.lee.test232;
				PRODUCT_NAME = "$(TARGET_NAME)";
				SWIFT_EMIT_LOC_STRINGS = YES;
				TARGETED_DEVICE_FAMILY = "1,2";
			};
			name = Debug;
		};
		B822A5472774856700751805 /* Release */ = {
			isa = XCBuildConfiguration;
			buildSettings = {
				ASSETCATALOG_COMPILER_APPICON_NAME = AppIcon;
				ASSETCATALOG_COMPILER_GLOBAL_ACCENT_COLOR_NAME = AccentColor;
				CLANG_CXX_LANGUAGE_STANDARD = "gnu++17";
				CLANG_WARN_QUOTED_INCLUDE_IN_FRAMEWORK_HEADER = YES;
				CODE_SIGN_STYLE = Automatic;
				CURRENT_PROJECT_VERSION = 1;
				DEVELOPMENT_TEAM = NMMY49G3S2;
				GENERATE_INFOPLIST_FILE = YES;
				INFOPLIST_FILE = test/Info.plist;
				INFOPLIST_KEY_UIApplicationSupportsIndirectInputEvents = YES;
				INFOPLIST_KEY_UILaunchStoryboardName = LaunchScreen;
				INFOPLIST_KEY_UIMainStoryboardFile = Main;
				INFOPLIST_KEY_UISupportedInterfaceOrientations_iPad = "UIInterfaceOrientationPortrait UIInterfaceOrientationPortraitUpsideDown UIInterfaceOrientationLandscapeLeft UIInterfaceOrientationLandscapeRight";
				INFOPLIST_KEY_UISupportedInterfaceOrientations_iPhone = "UIInterfaceOrientationPortrait UIInterfaceOrientationLandscapeLeft UIInterfaceOrientationLandscapeRight";
				IPHONEOS_DEPLOYMENT_TARGET = 13.2;
				LD_RUNPATH_SEARCH_PATHS = (
					"$(inherited)",
					"@executable_path/Frameworks",
				);
				MARKETING_VERSION = 1.0;
				MTL_FAST_MATH = YES;
				PRODUCT_BUNDLE_IDENTIFIER = com.lee.test232;
				PRODUCT_NAME = "$(TARGET_NAME)";
				SWIFT_EMIT_LOC_STRINGS = YES;
				TARGETED_DEVICE_FAMILY = "1,2";
			};
			name = Release;
		};
		B83E2B38214F48FD007A7B24 /* Debug */ = {
			isa = XCBuildConfiguration;
			buildSettings = {
				ALWAYS_SEARCH_USER_PATHS = NO;
				CLANG_ANALYZER_NONNULL = YES;
				CLANG_ANALYZER_NUMBER_OBJECT_CONVERSION = YES_AGGRESSIVE;
				CLANG_CXX_LANGUAGE_STANDARD = "gnu++14";
				CLANG_CXX_LIBRARY = "libc++";
				CLANG_ENABLE_MODULES = YES;
				CLANG_ENABLE_OBJC_ARC = YES;
				CLANG_ENABLE_OBJC_WEAK = YES;
				CLANG_WARN_BLOCK_CAPTURE_AUTORELEASING = YES;
				CLANG_WARN_BOOL_CONVERSION = YES;
				CLANG_WARN_COMMA = YES;
				CLANG_WARN_CONSTANT_CONVERSION = YES;
				CLANG_WARN_DEPRECATED_OBJC_IMPLEMENTATIONS = YES;
				CLANG_WARN_DIRECT_OBJC_ISA_USAGE = YES_ERROR;
				CLANG_WARN_DOCUMENTATION_COMMENTS = YES;
				CLANG_WARN_EMPTY_BODY = YES;
				CLANG_WARN_ENUM_CONVERSION = YES;
				CLANG_WARN_INFINITE_RECURSION = YES;
				CLANG_WARN_INT_CONVERSION = YES;
				CLANG_WARN_NON_LITERAL_NULL_CONVERSION = YES;
				CLANG_WARN_OBJC_IMPLICIT_RETAIN_SELF = YES;
				CLANG_WARN_OBJC_LITERAL_CONVERSION = YES;
				CLANG_WARN_OBJC_ROOT_CLASS = YES_ERROR;
				CLANG_WARN_RANGE_LOOP_ANALYSIS = YES;
				CLANG_WARN_STRICT_PROTOTYPES = YES;
				CLANG_WARN_SUSPICIOUS_MOVE = YES;
				CLANG_WARN_UNGUARDED_AVAILABILITY = YES_AGGRESSIVE;
				CLANG_WARN_UNREACHABLE_CODE = YES;
				CLANG_WARN__DUPLICATE_METHOD_MATCH = YES;
				CODE_SIGN_IDENTITY = "iPhone Developer";
				COPY_PHASE_STRIP = NO;
				DEBUG_INFORMATION_FORMAT = dwarf;
				ENABLE_STRICT_OBJC_MSGSEND = YES;
				ENABLE_TESTABILITY = YES;
				GCC_C_LANGUAGE_STANDARD = gnu11;
				GCC_DYNAMIC_NO_PIC = NO;
				GCC_NO_COMMON_BLOCKS = YES;
				GCC_OPTIMIZATION_LEVEL = 0;
				GCC_PREPROCESSOR_DEFINITIONS = (
					"DEBUG=1",
					"$(inherited)",
				);
				GCC_WARN_64_TO_32_BIT_CONVERSION = YES;
				GCC_WARN_ABOUT_RETURN_TYPE = YES_ERROR;
				GCC_WARN_UNDECLARED_SELECTOR = YES;
				GCC_WARN_UNINITIALIZED_AUTOS = YES_AGGRESSIVE;
				GCC_WARN_UNUSED_FUNCTION = YES;
				GCC_WARN_UNUSED_VARIABLE = YES;
				IPHONEOS_DEPLOYMENT_TARGET = 11.4;
				MTL_ENABLE_DEBUG_INFO = YES;
				ONLY_ACTIVE_ARCH = YES;
				SDKROOT = iphoneos;
			};
			name = Debug;
		};
		B83E2B39214F48FD007A7B24 /* Release */ = {
			isa = XCBuildConfiguration;
			buildSettings = {
				ALWAYS_SEARCH_USER_PATHS = NO;
				CLANG_ANALYZER_NONNULL = YES;
				CLANG_ANALYZER_NUMBER_OBJECT_CONVERSION = YES_AGGRESSIVE;
				CLANG_CXX_LANGUAGE_STANDARD = "gnu++14";
				CLANG_CXX_LIBRARY = "libc++";
				CLANG_ENABLE_MODULES = YES;
				CLANG_ENABLE_OBJC_ARC = YES;
				CLANG_ENABLE_OBJC_WEAK = YES;
				CLANG_WARN_BLOCK_CAPTURE_AUTORELEASING = YES;
				CLANG_WARN_BOOL_CONVERSION = YES;
				CLANG_WARN_COMMA = YES;
				CLANG_WARN_CONSTANT_CONVERSION = YES;
				CLANG_WARN_DEPRECATED_OBJC_IMPLEMENTATIONS = YES;
				CLANG_WARN_DIRECT_OBJC_ISA_USAGE = YES_ERROR;
				CLANG_WARN_DOCUMENTATION_COMMENTS = YES;
				CLANG_WARN_EMPTY_BODY = YES;
				CLANG_WARN_ENUM_CONVERSION = YES;
				CLANG_WARN_INFINITE_RECURSION = YES;
				CLANG_WARN_INT_CONVERSION = YES;
				CLANG_WARN_NON_LITERAL_NULL_CONVERSION = YES;
				CLANG_WARN_OBJC_IMPLICIT_RETAIN_SELF = YES;
				CLANG_WARN_OBJC_LITERAL_CONVERSION = YES;
				CLANG_WARN_OBJC_ROOT_CLASS = YES_ERROR;
				CLANG_WARN_RANGE_LOOP_ANALYSIS = YES;
				CLANG_WARN_STRICT_PROTOTYPES = YES;
				CLANG_WARN_SUSPICIOUS_MOVE = YES;
				CLANG_WARN_UNGUARDED_AVAILABILITY = YES_AGGRESSIVE;
				CLANG_WARN_UNREACHABLE_CODE = YES;
				CLANG_WARN__DUPLICATE_METHOD_MATCH = YES;
				CODE_SIGN_IDENTITY = "iPhone Developer";
				COPY_PHASE_STRIP = NO;
				DEBUG_INFORMATION_FORMAT = "dwarf-with-dsym";
				ENABLE_NS_ASSERTIONS = NO;
				ENABLE_STRICT_OBJC_MSGSEND = YES;
				GCC_C_LANGUAGE_STANDARD = gnu11;
				GCC_NO_COMMON_BLOCKS = YES;
				GCC_WARN_64_TO_32_BIT_CONVERSION = YES;
				GCC_WARN_ABOUT_RETURN_TYPE = YES_ERROR;
				GCC_WARN_UNDECLARED_SELECTOR = YES;
				GCC_WARN_UNINITIALIZED_AUTOS = YES_AGGRESSIVE;
				GCC_WARN_UNUSED_FUNCTION = YES;
				GCC_WARN_UNUSED_VARIABLE = YES;
				IPHONEOS_DEPLOYMENT_TARGET = 11.4;
				MTL_ENABLE_DEBUG_INFO = NO;
				SDKROOT = iphoneos;
				VALIDATE_PRODUCT = YES;
			};
			name = Release;
		};
		B83E2B3B214F48FD007A7B24 /* Debug */ = {
			isa = XCBuildConfiguration;
			baseConfigurationReference = 82B9FA2D47434258F5C387A0 /* Pods-读源码-SDWebImage.debug.xcconfig */;
			buildSettings = {
				ASSETCATALOG_COMPILER_APPICON_NAME = AppIcon;
				CODE_SIGN_STYLE = Automatic;
				DEVELOPMENT_TEAM = NMMY49G3S2;
				INFOPLIST_FILE = "读源码-SDWebImage/Info.plist";
				LD_RUNPATH_SEARCH_PATHS = (
					"$(inherited)",
					"@executable_path/Frameworks",
				);
				PRODUCT_BUNDLE_IDENTIFIER = "lee.----SDWebImage";
				PRODUCT_NAME = "$(TARGET_NAME)";
				TARGETED_DEVICE_FAMILY = "1,2";
			};
			name = Debug;
		};
		B83E2B3C214F48FD007A7B24 /* Release */ = {
			isa = XCBuildConfiguration;
			baseConfigurationReference = 2F3E1CB1D69B5C4342BB2513 /* Pods-读源码-SDWebImage.release.xcconfig */;
			buildSettings = {
				ASSETCATALOG_COMPILER_APPICON_NAME = AppIcon;
				CODE_SIGN_STYLE = Automatic;
				DEVELOPMENT_TEAM = NMMY49G3S2;
				INFOPLIST_FILE = "读源码-SDWebImage/Info.plist";
				LD_RUNPATH_SEARCH_PATHS = (
					"$(inherited)",
					"@executable_path/Frameworks",
				);
				PRODUCT_BUNDLE_IDENTIFIER = "lee.----SDWebImage";
				PRODUCT_NAME = "$(TARGET_NAME)";
				TARGETED_DEVICE_FAMILY = "1,2";
			};
			name = Release;
		};
/* End XCBuildConfiguration section */

/* Begin XCConfigurationList section */
		B822A523277453E500751805 /* Build configuration list for PBXNativeTarget "video_frame" */ = {
			isa = XCConfigurationList;
			buildConfigurations = (
				B822A521277453E500751805 /* Debug */,
				B822A522277453E500751805 /* Release */,
			);
			defaultConfigurationIsVisible = 0;
			defaultConfigurationName = Release;
		};
		B822A5452774856700751805 /* Build configuration list for PBXNativeTarget "test" */ = {
			isa = XCConfigurationList;
			buildConfigurations = (
				B822A5462774856700751805 /* Debug */,
				B822A5472774856700751805 /* Release */,
			);
			defaultConfigurationIsVisible = 0;
			defaultConfigurationName = Release;
		};
		B83E2B1F214F48FC007A7B24 /* Build configuration list for PBXProject "读源码-SDWebImage" */ = {
			isa = XCConfigurationList;
			buildConfigurations = (
				B83E2B38214F48FD007A7B24 /* Debug */,
				B83E2B39214F48FD007A7B24 /* Release */,
			);
			defaultConfigurationIsVisible = 0;
			defaultConfigurationName = Release;
		};
		B83E2B3A214F48FD007A7B24 /* Build configuration list for PBXNativeTarget "读源码-SDWebImage" */ = {
			isa = XCConfigurationList;
			buildConfigurations = (
				B83E2B3B214F48FD007A7B24 /* Debug */,
				B83E2B3C214F48FD007A7B24 /* Release */,
			);
			defaultConfigurationIsVisible = 0;
			defaultConfigurationName = Release;
		};
/* End XCConfigurationList section */
	};
	rootObject = B83E2B1C214F48FC007A7B24 /* Project object */;
}
